
Microsoft Visual Studio Solution File, Format Version 12.00
# Visual Studio 14
VisualStudioVersion = 14.0.25420.1
MinimumVisualStudioVersion = 10.0.40219.1
Project("{FAE04EC0-301F-11D3-BF4B-00C04F79EFBC}") = "Negocios", "Negocios\Negocios.csproj", "{1733E8B0-3156-48DF-92CF-D9E74B66652F}"
EndProject
Project("{FAE04EC0-301F-11D3-BF4B-00C04F79EFBC}") = "AcessoBancoDados", "AcessoBancoDados\AcessoBancoDados.csproj", "{F7D296E8-AE09-4BB1-9392-730CCFCA7B8C}"
EndProject
Project("{FAE04EC0-301F-11D3-BF4B-00C04F79EFBC}") = "ObjetoTransferencia", "ObjetoTransferencia\ObjetoTransferencia.csproj", "{541B594D-C6A4-4282-AC21-6565F1D75D91}"
EndProject
Project("{FAE04EC0-301F-11D3-BF4B-00C04F79EFBC}") = "Apresentacao", "Apresentacao\Apresentacao.csproj", "{19C48C05-D603-468B-8099-7ECD605C7E4D}"
EndProject
Global
	GlobalSection(SolutionConfigurationPlatforms) = preSolution
		Debug|Any CPU = Debug|Any CPU
		Release|Any CPU = Release|Any CPU
	EndGlobalSection
	GlobalSection(ProjectConfigurationPlatforms) = postSolution
		{1733E8B0-3156-48DF-92CF-D9E74B66652F}.Debug|Any CPU.ActiveCfg = Debug|Any CPU
		{1733E8B0-3156-48DF-92CF-D9E74B66652F}.Debug|Any CPU.Build.0 = Debug|Any CPU
		{1733E8B0-3156-48DF-92CF-D9E74B66652F}.Release|Any CPU.ActiveCfg = Release|Any CPU
		{1733E8B0-3156-48DF-92CF-D9E74B66652F}.Release|Any CPU.Build.0 = Release|Any CPU
		{F7D296E8-AE09-4BB1-9392-730CCFCA7B8C}.Debug|Any CPU.ActiveCfg = Debug|Any CPU
		{F7D296E8-AE09-4BB1-9392-730CCFCA7B8C}.Debug|Any CPU.Build.0 = Debug|Any CPU
		{F7D296E8-AE09-4BB1-9392-730CCFCA7B8C}.Release|Any CPU.ActiveCfg = Release|Any CPU
		{F7D296E8-AE09-4BB1-9392-730CCFCA7B8C}.Release|Any CPU.Build.0 = Release|Any CPU
		{541B594D-C6A4-4282-AC21-6565F1D75D91}.Debug|Any CPU.ActiveCfg = Debug|Any CPU
		{541B594D-C6A4-4282-AC21-6565F1D75D91}.Debug|Any CPU.Build.0 = Debug|Any CPU
		{541B594D-C6A4-4282-AC21-6565F1D75D91}.Release|Any CPU.ActiveCfg = Release|Any CPU
		{541B594D-C6A4-4282-AC21-6565F1D75D91}.Release|Any CPU.Build.0 = Release|Any CPU
		{19C48C05-D603-468B-8099-7ECD605C7E4D}.Debug|Any CPU.ActiveCfg = Debug|Any CPU
		{19C48C05-D603-468B-8099-7ECD605C7E4D}.Debug|Any CPU.Build.0 = Debug|Any CPU
		{19C48C05-D603-468B-8099-7ECD605C7E4D}.Release|Any CPU.ActiveCfg = Release|Any CPU
		{19C48C05-D603-468B-8099-7ECD605C7E4D}.Release|Any CPU.Build.0 = Release|Any CPU
	EndGlobalSection
	GlobalSection(SolutionProperties) = preSolution
		HideSolutionNode = FALSE
	EndGlobalSection
EndGlobal
